# This file is generated by running "yarn install" inside your project.
# Manual changes might be lost - proceed with caution!

__metadata:
  version: 6
  cacheKey: 8

"@esbuild/android-arm64@npm:0.17.3":
  version: 0.17.3
  resolution: "@esbuild/android-arm64@npm:0.17.3"
  conditions: os=android & cpu=arm64
  languageName: node
  linkType: hard

"@esbuild/android-arm@npm:0.17.3":
  version: 0.17.3
  resolution: "@esbuild/android-arm@npm:0.17.3"
  conditions: os=android & cpu=arm
  languageName: node
  linkType: hard

"@esbuild/android-x64@npm:0.17.3":
  version: 0.17.3
  resolution: "@esbuild/android-x64@npm:0.17.3"
  conditions: os=android & cpu=x64
  languageName: node
  linkType: hard

"@esbuild/darwin-arm64@npm:0.17.3":
  version: 0.17.3
  resolution: "@esbuild/darwin-arm64@npm:0.17.3"
  conditions: os=darwin & cpu=arm64
  languageName: node
  linkType: hard

"@esbuild/darwin-x64@npm:0.17.3":
  version: 0.17.3
  resolution: "@esbuild/darwin-x64@npm:0.17.3"
  conditions: os=darwin & cpu=x64
  languageName: node
  linkType: hard

"@esbuild/freebsd-arm64@npm:0.17.3":
  version: 0.17.3
  resolution: "@esbuild/freebsd-arm64@npm:0.17.3"
  conditions: os=freebsd & cpu=arm64
  languageName: node
  linkType: hard

"@esbuild/freebsd-x64@npm:0.17.3":
  version: 0.17.3
  resolution: "@esbuild/freebsd-x64@npm:0.17.3"
  conditions: os=freebsd & cpu=x64
  languageName: node
  linkType: hard

"@esbuild/linux-arm64@npm:0.17.3":
  version: 0.17.3
  resolution: "@esbuild/linux-arm64@npm:0.17.3"
  conditions: os=linux & cpu=arm64
  languageName: node
  linkType: hard

"@esbuild/linux-arm@npm:0.17.3":
  version: 0.17.3
  resolution: "@esbuild/linux-arm@npm:0.17.3"
  conditions: os=linux & cpu=arm
  languageName: node
  linkType: hard

"@esbuild/linux-ia32@npm:0.17.3":
  version: 0.17.3
  resolution: "@esbuild/linux-ia32@npm:0.17.3"
  conditions: os=linux & cpu=ia32
  languageName: node
  linkType: hard

"@esbuild/linux-loong64@npm:0.17.3":
  version: 0.17.3
  resolution: "@esbuild/linux-loong64@npm:0.17.3"
  conditions: os=linux & cpu=loong64
  languageName: node
  linkType: hard

"@esbuild/linux-mips64el@npm:0.17.3":
  version: 0.17.3
  resolution: "@esbuild/linux-mips64el@npm:0.17.3"
  conditions: os=linux & cpu=mips64el
  languageName: node
  linkType: hard

"@esbuild/linux-ppc64@npm:0.17.3":
  version: 0.17.3
  resolution: "@esbuild/linux-ppc64@npm:0.17.3"
  conditions: os=linux & cpu=ppc64
  languageName: node
  linkType: hard

"@esbuild/linux-riscv64@npm:0.17.3":
  version: 0.17.3
  resolution: "@esbuild/linux-riscv64@npm:0.17.3"
  conditions: os=linux & cpu=riscv64
  languageName: node
  linkType: hard

"@esbuild/linux-s390x@npm:0.17.3":
  version: 0.17.3
  resolution: "@esbuild/linux-s390x@npm:0.17.3"
  conditions: os=linux & cpu=s390x
  languageName: node
  linkType: hard

"@esbuild/linux-x64@npm:0.17.3":
  version: 0.17.3
  resolution: "@esbuild/linux-x64@npm:0.17.3"
  conditions: os=linux & cpu=x64
  languageName: node
  linkType: hard

"@esbuild/netbsd-x64@npm:0.17.3":
  version: 0.17.3
  resolution: "@esbuild/netbsd-x64@npm:0.17.3"
  conditions: os=netbsd & cpu=x64
  languageName: node
  linkType: hard

"@esbuild/openbsd-x64@npm:0.17.3":
  version: 0.17.3
  resolution: "@esbuild/openbsd-x64@npm:0.17.3"
  conditions: os=openbsd & cpu=x64
  languageName: node
  linkType: hard

"@esbuild/sunos-x64@npm:0.17.3":
  version: 0.17.3
  resolution: "@esbuild/sunos-x64@npm:0.17.3"
  conditions: os=sunos & cpu=x64
  languageName: node
  linkType: hard

"@esbuild/win32-arm64@npm:0.17.3":
  version: 0.17.3
  resolution: "@esbuild/win32-arm64@npm:0.17.3"
  conditions: os=win32 & cpu=arm64
  languageName: node
  linkType: hard

"@esbuild/win32-ia32@npm:0.17.3":
  version: 0.17.3
  resolution: "@esbuild/win32-ia32@npm:0.17.3"
  conditions: os=win32 & cpu=ia32
  languageName: node
  linkType: hard

"@esbuild/win32-x64@npm:0.17.3":
  version: 0.17.3
  resolution: "@esbuild/win32-x64@npm:0.17.3"
  conditions: os=win32 & cpu=x64
  languageName: node
  linkType: hard

"esbuild@npm:^0.17.3":
  version: 0.17.3
  resolution: "esbuild@npm:0.17.3"
  dependencies:
    "@esbuild/android-arm": 0.17.3
    "@esbuild/android-arm64": 0.17.3
    "@esbuild/android-x64": 0.17.3
    "@esbuild/darwin-arm64": 0.17.3
    "@esbuild/darwin-x64": 0.17.3
    "@esbuild/freebsd-arm64": 0.17.3
    "@esbuild/freebsd-x64": 0.17.3
    "@esbuild/linux-arm": 0.17.3
    "@esbuild/linux-arm64": 0.17.3
    "@esbuild/linux-ia32": 0.17.3
    "@esbuild/linux-loong64": 0.17.3
    "@esbuild/linux-mips64el": 0.17.3
    "@esbuild/linux-ppc64": 0.17.3
    "@esbuild/linux-riscv64": 0.17.3
    "@esbuild/linux-s390x": 0.17.3
    "@esbuild/linux-x64": 0.17.3
    "@esbuild/netbsd-x64": 0.17.3
    "@esbuild/openbsd-x64": 0.17.3
    "@esbuild/sunos-x64": 0.17.3
    "@esbuild/win32-arm64": 0.17.3
    "@esbuild/win32-ia32": 0.17.3
    "@esbuild/win32-x64": 0.17.3
  dependenciesMeta:
    "@esbuild/android-arm":
      optional: true
    "@esbuild/android-arm64":
      optional: true
    "@esbuild/android-x64":
      optional: true
    "@esbuild/darwin-arm64":
      optional: true
    "@esbuild/darwin-x64":
      optional: true
    "@esbuild/freebsd-arm64":
      optional: true
    "@esbuild/freebsd-x64":
      optional: true
    "@esbuild/linux-arm":
      optional: true
    "@esbuild/linux-arm64":
      optional: true
    "@esbuild/linux-ia32":
      optional: true
    "@esbuild/linux-loong64":
      optional: true
    "@esbuild/linux-mips64el":
      optional: true
    "@esbuild/linux-ppc64":
      optional: true
    "@esbuild/linux-riscv64":
      optional: true
    "@esbuild/linux-s390x":
      optional: true
    "@esbuild/linux-x64":
      optional: true
    "@esbuild/netbsd-x64":
      optional: true
    "@esbuild/openbsd-x64":
      optional: true
    "@esbuild/sunos-x64":
      optional: true
    "@esbuild/win32-arm64":
      optional: true
    "@esbuild/win32-ia32":
      optional: true
    "@esbuild/win32-x64":
      optional: true
  bin:
    esbuild: bin/esbuild
  checksum: 7ba0dc84982cd380e300beee746d1a13834a6016652529e9f4be26d50a53136064c199c211beb5cf22048f37ed50c2cc109396757d402e545aee538de7ff31f4
  languageName: node
  linkType: hard

"js@workspace:.":
  version: 0.0.0-use.local
  resolution: "js@workspace:."
  dependencies:
    esbuild: ^0.17.3
    typescript: ^4.9.4
  languageName: unknown
  linkType: soft

"typescript@npm:^4.9.4":
  version: 4.9.4
  resolution: "typescript@npm:4.9.4"
  bin:
    tsc: bin/tsc
    tsserver: bin/tsserver
  checksum: e782fb9e0031cb258a80000f6c13530288c6d63f1177ed43f770533fdc15740d271554cdae86701c1dd2c83b082cea808b07e97fd68b38a172a83dbf9e0d0ef9
  languageName: node
  linkType: hard

"typescript@patch:typescript@^4.9.4#~builtin<compat/typescript>":
  version: 4.9.4
  resolution: "typescript@patch:typescript@npm%3A4.9.4#~builtin<compat/typescript>::version=4.9.4&hash=ad5954"
  bin:
    tsc: bin/tsc
    tsserver: bin/tsserver
  checksum: 1caaea6cb7f813e64345190fddc4e6c924d0b698ab81189b503763c4a18f7f5501c69362979d36e19c042d89d936443e768a78b0675690b35eb663d19e0eae71
  languageName: node
  linkType: hard
